// !$*UTF8*$!
{
	archiveVersion = 1;
	classes = {
	};
	objectVersion = 50;
	objects = {

/* Begin PBXBuildFile section */
		D019869A218786FB006CBB1F /* AppDelegate.swift in Sources */ = {isa = PBXBuildFile; fileRef = D0198699218786FB006CBB1F /* AppDelegate.swift */; };
		D019869C218786FB006CBB1F /* TaskViewController.swift in Sources */ = {isa = PBXBuildFile; fileRef = D019869B218786FB006CBB1F /* TaskViewController.swift */; };
		D019869F218786FB006CBB1F /* Main.storyboard in Resources */ = {isa = PBXBuildFile; fileRef = D019869D218786FB006CBB1F /* Main.storyboard */; };
		D01986A1218786FD006CBB1F /* Assets.xcassets in Resources */ = {isa = PBXBuildFile; fileRef = D01986A0218786FD006CBB1F /* Assets.xcassets */; };
		D01986A4218786FD006CBB1F /* LaunchScreen.storyboard in Resources */ = {isa = PBXBuildFile; fileRef = D01986A2218786FD006CBB1F /* LaunchScreen.storyboard */; };
		D02E31C821B5C6F7007C0869 /* TaskProtocols.swift in Sources */ = {isa = PBXBuildFile; fileRef = D02E31C721B5C6F7007C0869 /* TaskProtocols.swift */; };
		D0FE67E821A7AB8A0013D094 /* TaskClass.swift in Sources */ = {isa = PBXBuildFile; fileRef = D0FE67E721A7AB8A0013D094 /* TaskClass.swift */; };
/* End PBXBuildFile section */

/* Begin PBXFileReference section */
		D0198696218786FB006CBB1F /* gonetodo.app */ = {isa = PBXFileReference; explicitFileType = wrapper.application; includeInIndex = 0; path = gonetodo.app; sourceTree = BUILT_PRODUCTS_DIR; };
		D0198699218786FB006CBB1F /* AppDelegate.swift */ = {isa = PBXFileReference; lastKnownFileType = sourcecode.swift; path = AppDelegate.swift; sourceTree = "<group>"; };
		D019869B218786FB006CBB1F /* TaskViewController.swift */ = {isa = PBXFileReference; lastKnownFileType = sourcecode.swift; path = TaskViewController.swift; sourceTree = "<group>"; };
		D019869E218786FB006CBB1F /* Base */ = {isa = PBXFileReference; lastKnownFileType = file.storyboard; name = Base; path = Base.lproj/Main.storyboard; sourceTree = "<group>"; };
		D01986A0218786FD006CBB1F /* Assets.xcassets */ = {isa = PBXFileReference; lastKnownFileType = folder.assetcatalog; path = Assets.xcassets; sourceTree = "<group>"; };
		D01986A3218786FD006CBB1F /* Base */ = {isa = PBXFileReference; lastKnownFileType = file.storyboard; name = Base; path = Base.lproj/LaunchScreen.storyboard; sourceTree = "<group>"; };
		D01986A5218786FD006CBB1F /* Info.plist */ = {isa = PBXFileReference; lastKnownFileType = text.plist.xml; path = Info.plist; sourceTree = "<group>"; };
		D02E31C721B5C6F7007C0869 /* TaskProtocols.swift */ = {isa = PBXFileReference; lastKnownFileType = sourcecode.swift; path = TaskProtocols.swift; sourceTree = "<group>"; };
		D0FE67E721A7AB8A0013D094 /* TaskClass.swift */ = {isa = PBXFileReference; lastKnownFileType = sourcecode.swift; path = TaskClass.swift; sourceTree = "<group>"; };
/* End PBXFileReference section */

/* Begin PBXFrameworksBuildPhase section */
		D0198693218786FB006CBB1F /* Frameworks */ = {
			isa = PBXFrameworksBuildPhase;
			buildActionMask = 2147483647;
			files = (
			);
			runOnlyForDeploymentPostprocessing = 0;
		};
/* End PBXFrameworksBuildPhase section */

/* Begin PBXGroup section */
		D019868D218786FB006CBB1F = {
			isa = PBXGroup;
			children = (
				D0198698218786FB006CBB1F /* gonetodo */,
				D0198697218786FB006CBB1F /* Products */,
			);
			sourceTree = "<group>";
		};
		D0198697218786FB006CBB1F /* Products */ = {
			isa = PBXGroup;
			children = (
				D0198696218786FB006CBB1F /* gonetodo.app */,
			);
			name = Products;
			sourceTree = "<group>";
		};
		D0198698218786FB006CBB1F /* gonetodo */ = {
			isa = PBXGroup;
			children = (
				D024D75F218A26D7006F9E24 /* Classes */,
				D037F5C921B0A1BB000F37AE /* Launch */,
				D037F5CA21B0A1DB000F37AE /* Media */,
				D02E31C621B5C4F7007C0869 /* Protocols */,
				D024D761218A26F5006F9E24 /* Storyboards */,
				D024D760218A26E4006F9E24 /* ViewController */,
			);
			path = gonetodo;
			sourceTree = "<group>";
		};
		D024D75F218A26D7006F9E24 /* Classes */ = {
			isa = PBXGroup;
			children = (
				D0FE67E721A7AB8A0013D094 /* TaskClass.swift */,
			);
			path = Classes;
			sourceTree = "<group>";
		};
		D024D760218A26E4006F9E24 /* ViewController */ = {
			isa = PBXGroup;
			children = (
				D019869B218786FB006CBB1F /* TaskViewController.swift */,
			);
			path = ViewController;
			sourceTree = "<group>";
		};
		D024D761218A26F5006F9E24 /* Storyboards */ = {
			isa = PBXGroup;
			children = (
				D01986A2218786FD006CBB1F /* LaunchScreen.storyboard */,
				D019869D218786FB006CBB1F /* Main.storyboard */,
			);
			path = Storyboards;
			sourceTree = "<group>";
		};
		D02E31C621B5C4F7007C0869 /* Protocols */ = {
			isa = PBXGroup;
			children = (
				D02E31C721B5C6F7007C0869 /* TaskProtocols.swift */,
			);
			path = Protocols;
			sourceTree = "<group>";
		};
		D037F5C921B0A1BB000F37AE /* Launch */ = {
			isa = PBXGroup;
			children = (
				D0198699218786FB006CBB1F /* AppDelegate.swift */,
				D01986A5218786FD006CBB1F /* Info.plist */,
			);
			path = Launch;
			sourceTree = "<group>";
		};
		D037F5CA21B0A1DB000F37AE /* Media */ = {
			isa = PBXGroup;
			children = (
				D01986A0218786FD006CBB1F /* Assets.xcassets */,
			);
			path = Media;
			sourceTree = "<group>";
		};
/* End PBXGroup section */

/* Begin PBXNativeTarget section */
		D0198695218786FB006CBB1F /* gonetodo */ = {
			isa = PBXNativeTarget;
			buildConfigurationList = D01986A8218786FD006CBB1F /* Build configuration list for PBXNativeTarget "gonetodo" */;
			buildPhases = (
				D0198692218786FB006CBB1F /* Sources */,
				D0198693218786FB006CBB1F /* Frameworks */,
				D0198694218786FB006CBB1F /* Resources */,
			);
			buildRules = (
			);
			dependencies = (
			);
			name = gonetodo;
			productName = gonetodo;
			productReference = D0198696218786FB006CBB1F /* gonetodo.app */;
			productType = "com.apple.product-type.application";
		};
/* End PBXNativeTarget section */

/* Begin PBXProject section */
		D019868E218786FB006CBB1F /* Project object */ = {
			isa = PBXProject;
			attributes = {
				LastSwiftUpdateCheck = 1000;
				LastUpgradeCheck = 1000;
				ORGANIZATIONNAME = "Michel Ortega";
				TargetAttributes = {
					D0198695218786FB006CBB1F = {
						CreatedOnToolsVersion = 10.0;
					};
				};
			};
			buildConfigurationList = D0198691218786FB006CBB1F /* Build configuration list for PBXProject "gonetodo" */;
			compatibilityVersion = "Xcode 9.3";
			developmentRegion = en;
			hasScannedForEncodings = 0;
			knownRegions = (
				en,
				Base,
			);
			mainGroup = D019868D218786FB006CBB1F;
			productRefGroup = D0198697218786FB006CBB1F /* Products */;
			projectDirPath = "";
			projectRoot = "";
			targets = (
				D0198695218786FB006CBB1F /* gonetodo */,
			);
		};
/* End PBXProject section */

/* Begin PBXResourcesBuildPhase section */
		D0198694218786FB006CBB1F /* Resources */ = {
			isa = PBXResourcesBuildPhase;
			buildActionMask = 2147483647;
			files = (
				D01986A4218786FD006CBB1F /* LaunchScreen.storyboard in Resources */,
				D01986A1218786FD006CBB1F /* Assets.xcassets in Resources */,
				D019869F218786FB006CBB1F /* Main.storyboard in Resources */,
			);
			runOnlyForDeploymentPostprocessing = 0;
		};
/* End PBXResourcesBuildPhase section */

/* Begin PBXSourcesBuildPhase section */
		D0198692218786FB006CBB1F /* Sources */ = {
			isa = PBXSourcesBuildPhase;
			buildActionMask = 2147483647;
			files = (
				D019869C218786FB006CBB1F /* TaskViewController.swift in Sources */,
				D0FE67E821A7AB8A0013D094 /* TaskClass.swift in Sources */,
				D02E31C821B5C6F7007C0869 /* TaskProtocols.swift in Sources */,
				D019869A218786FB006CBB1F /* AppDelegate.swift in Sources */,
			);
			runOnlyForDeploymentPostprocessing = 0;
		};
/* End PBXSourcesBuildPhase section */

/* Begin PBXVariantGroup section */
		D019869D218786FB006CBB1F /* Main.storyboard */ = {
			isa = PBXVariantGroup;
			children = (
				D019869E218786FB006CBB1F /* Base */,
			);
			name = Main.storyboard;
			sourceTree = "<group>";
		};
		D01986A2218786FD006CBB1F /* LaunchScreen.storyboard */ = {
			isa = PBXVariantGroup;
			children = (
				D01986A3218786FD006CBB1F /* Base */,
			);
			name = LaunchScreen.storyboard;
			sourceTree = "<group>";
		};
/* End PBXVariantGroup section */

/* Begin XCBuildConfiguration section */
		D01986A6218786FD006CBB1F /* Debug */ = {
			isa = XCBuildConfiguration;
			buildSettings = {
				ALWAYS_SEARCH_USER_PATHS = NO;
				CLANG_ANALYZER_NONNULL = YES;
				CLANG_ANALYZER_NUMBER_OBJECT_CONVERSION = YES_AGGRESSIVE;
				CLANG_CXX_LANGUAGE_STANDARD = "gnu++14";
				CLANG_CXX_LIBRARY = "libc++";
				CLANG_ENABLE_MODULES = YES;
				CLANG_ENABLE_OBJC_ARC = YES;
				CLANG_ENABLE_OBJC_WEAK = YES;
				CLANG_WARN_BLOCK_CAPTURE_AUTORELEASING = YES;
				CLANG_WARN_BOOL_CONVERSION = YES;
				CLANG_WARN_COMMA = YES;
				CLANG_WARN_CONSTANT_CONVERSION = YES;
				CLANG_WARN_DEPRECATED_OBJC_IMPLEMENTATIONS = YES;
				CLANG_WARN_DIRECT_OBJC_ISA_USAGE = YES_ERROR;
				CLANG_WARN_DOCUMENTATION_COMMENTS = YES;
				CLANG_WARN_EMPTY_BODY = YES;
				CLANG_WARN_ENUM_CONVERSION = YES;
				CLANG_WARN_INFINITE_RECURSION = YES;
				CLANG_WARN_INT_CONVERSION = YES;
				CLANG_WARN_NON_LITERAL_NULL_CONVERSION = YES;
				CLANG_WARN_OBJC_IMPLICIT_RETAIN_SELF = YES;
				CLANG_WARN_OBJC_LITERAL_CONVERSION = YES;
				CLANG_WARN_OBJC_ROOT_CLASS = YES_ERROR;
				CLANG_WARN_RANGE_LOOP_ANALYSIS = YES;
				CLANG_WARN_STRICT_PROTOTYPES = YES;
				CLANG_WARN_SUSPICIOUS_MOVE = YES;
				CLANG_WARN_UNGUARDED_AVAILABILITY = YES_AGGRESSIVE;
				CLANG_WARN_UNREACHABLE_CODE = YES;
				CLANG_WARN__DUPLICATE_METHOD_MATCH = YES;
				CODE_SIGN_IDENTITY = "iPhone Developer";
				COPY_PHASE_STRIP = NO;
				DEBUG_INFORMATION_FORMAT = dwarf;
				ENABLE_STRICT_OBJC_MSGSEND = YES;
				ENABLE_TESTABILITY = YES;
				GCC_C_LANGUAGE_STANDARD = gnu11;
				GCC_DYNAMIC_NO_PIC = NO;
				GCC_NO_COMMON_BLOCKS = YES;
				GCC_OPTIMIZATION_LEVEL = 0;
				GCC_PREPROCESSOR_DEFINITIONS = (
					"DEBUG=1",
					"$(inherited)",
				);
				GCC_WARN_64_TO_32_BIT_CONVERSION = YES;
				GCC_WARN_ABOUT_RETURN_TYPE = YES_ERROR;
				GCC_WARN_UNDECLARED_SELECTOR = YES;
				GCC_WARN_UNINITIALIZED_AUTOS = YES_AGGRESSIVE;
				GCC_WARN_UNUSED_FUNCTION = YES;
				GCC_WARN_UNUSED_VARIABLE = YES;
				IPHONEOS_DEPLOYMENT_TARGET = 12.0;
				MTL_ENABLE_DEBUG_INFO = INCLUDE_SOURCE;
				ONLY_ACTIVE_ARCH = YES;
				SDKROOT = iphoneos;
				SWIFT_ACTIVE_COMPILATION_CONDITIONS = DEBUG;
				SWIFT_OPTIMIZATION_LEVEL = "-Onone";
			};
			name = Debug;
		};
		D01986A7218786FD006CBB1F /* Release */ = {
			isa = XCBuildConfiguration;
			buildSettings = {
				ALWAYS_SEARCH_USER_PATHS = NO;
				CLANG_ANALYZER_NONNULL = YES;
				CLANG_ANALYZER_NUMBER_OBJECT_CONVERSION = YES_AGGRESSIVE;
				CLANG_CXX_LANGUAGE_STANDARD = "gnu++14";
				CLANG_CXX_LIBRARY = "libc++";
				CLANG_ENABLE_MODULES = YES;
				CLANG_ENABLE_OBJC_ARC = YES;
				CLANG_ENABLE_OBJC_WEAK = YES;
				CLANG_WARN_BLOCK_CAPTURE_AUTORELEASING = YES;
				CLANG_WARN_BOOL_CONVERSION = YES;
				CLANG_WARN_COMMA = YES;
				CLANG_WARN_CONSTANT_CONVERSION = YES;
				CLANG_WARN_DEPRECATED_OBJC_IMPLEMENTATIONS = YES;
				CLANG_WARN_DIRECT_OBJC_ISA_USAGE = YES_ERROR;
				CLANG_WARN_DOCUMENTATION_COMMENTS = YES;
				CLANG_WARN_EMPTY_BODY = YES;
				CLANG_WARN_ENUM_CONVERSION = YES;
				CLANG_WARN_INFINITE_RECURSION = YES;
				CLANG_WARN_INT_CONVERSION = YES;
				CLANG_WARN_NON_LITERAL_NULL_CONVERSION = YES;
				CLANG_WARN_OBJC_IMPLICIT_RETAIN_SELF = YES;
				CLANG_WARN_OBJC_LITERAL_CONVERSION = YES;
				CLANG_WARN_OBJC_ROOT_CLASS = YES_ERROR;
				CLANG_WARN_RANGE_LOOP_ANALYSIS = YES;
				CLANG_WARN_STRICT_PROTOTYPES = YES;
				CLANG_WARN_SUSPICIOUS_MOVE = YES;
				CLANG_WARN_UNGUARDED_AVAILABILITY = YES_AGGRESSIVE;
				CLANG_WARN_UNREACHABLE_CODE = YES;
				CLANG_WARN__DUPLICATE_METHOD_MATCH = YES;
				CODE_SIGN_IDENTITY = "iPhone Developer";
				COPY_PHASE_STRIP = NO;
				DEBUG_INFORMATION_FORMAT = "dwarf-with-dsym";
				ENABLE_NS_ASSERTIONS = NO;
				ENABLE_STRICT_OBJC_MSGSEND = YES;
				GCC_C_LANGUAGE_STANDARD = gnu11;
				GCC_NO_COMMON_BLOCKS = YES;
				GCC_WARN_64_TO_32_BIT_CONVERSION = YES;
				GCC_WARN_ABOUT_RETURN_TYPE = YES_ERROR;
				GCC_WARN_UNDECLARED_SELECTOR = YES;
				GCC_WARN_UNINITIALIZED_AUTOS = YES_AGGRESSIVE;
				GCC_WARN_UNUSED_FUNCTION = YES;
				GCC_WARN_UNUSED_VARIABLE = YES;
				IPHONEOS_DEPLOYMENT_TARGET = 12.0;
				MTL_ENABLE_DEBUG_INFO = NO;
				SDKROOT = iphoneos;
				SWIFT_COMPILATION_MODE = wholemodule;
				SWIFT_OPTIMIZATION_LEVEL = "-O";
				VALIDATE_PRODUCT = YES;
			};
			name = Release;
		};
		D01986A9218786FD006CBB1F /* Debug */ = {
			isa = XCBuildConfiguration;
			buildSettings = {
				ASSETCATALOG_COMPILER_APPICON_NAME = AppIcon;
				CODE_SIGN_STYLE = Automatic;
				DEVELOPMENT_TEAM = WU95R9B238;
				INFOPLIST_FILE = "$(SRCROOT)/gonetodo/Launch/Info.plist";
				IPHONEOS_DEPLOYMENT_TARGET = 11.0;
				LD_RUNPATH_SEARCH_PATHS = (
					"$(inherited)",
					"@executable_path/Frameworks",
				);
				PRODUCT_BUNDLE_IDENTIFIER = com.rodeoetcetera.test.gonetodo;
				PRODUCT_NAME = "$(TARGET_NAME)";
				SWIFT_VERSION = 4.2;
				TARGETED_DEVICE_FAMILY = "1,2";
			};
			name = Debug;
		};
		D01986AA218786FD006CBB1F /* Release */ = {
			isa = XCBuildConfiguration;
			buildSettings = {
				ASSETCATALOG_COMPILER_APPICON_NAME = AppIcon;
				CODE_SIGN_STYLE = Automatic;
				DEVELOPMENT_TEAM = WU95R9B238;
				INFOPLIST_FILE = "$(SRCROOT)/gonetodo/Launch/Info.plist";
				IPHONEOS_DEPLOYMENT_TARGET = 11.0;
				LD_RUNPATH_SEARCH_PATHS = (
					"$(inherited)",
					"@executable_path/Frameworks",
				);
				PRODUCT_BUNDLE_IDENTIFIER = com.rodeoetcetera.test.gonetodo;
				PRODUCT_NAME = "$(TARGET_NAME)";
				SWIFT_VERSION = 4.2;
				TARGETED_DEVICE_FAMILY = "1,2";
			};
			name = Release;
		};
/* End XCBuildConfiguration section */

/* Begin XCConfigurationList section */
		D0198691218786FB006CBB1F /* Build configuration list for PBXProject "gonetodo" */ = {
			isa = XCConfigurationList;
			buildConfigurations = (
				D01986A6218786FD006CBB1F /* Debug */,
				D01986A7218786FD006CBB1F /* Release */,
			);
			defaultConfigurationIsVisible = 0;
			defaultConfigurationName = Release;
		};
		D01986A8218786FD006CBB1F /* Build configuration list for PBXNativeTarget "gonetodo" */ = {
			isa = XCConfigurationList;
			buildConfigurations = (
				D01986A9218786FD006CBB1F /* Debug */,
				D01986AA218786FD006CBB1F /* Release */,
			);
			defaultConfigurationIsVisible = 0;
			defaultConfigurationName = Release;
		};
/* End XCConfigurationList section */
	};
	rootObject = D019868E218786FB006CBB1F /* Project object */;
}
